
Microsoft Visual Studio Solution File, Format Version 12.00
# Visual Studio 2015
Project("{FAE04EC0-301F-11D3-BF4B-00C04F79EFBC}") = "The Achievement.CSharp", "The Achievement.CSharp.csproj", "{7B648A75-F3E9-99E5-7CE4-62DD8B316D8E}"
EndProject
Project("{FAE04EC0-301F-11D3-BF4B-00C04F79EFBC}") = "The Achievement.CSharp.Editor", "The Achievement.CSharp.Editor.csproj", "{9BDF66C7-3BEC-3F82-1EAA-0FB5BD1F6EE0}"
EndProject
Global
	GlobalSection(SolutionConfigurationPlatforms) = preSolution
		Debug|Any CPU = Debug|Any CPU
		Release|Any CPU = Release|Any CPU
	EndGlobalSection
	GlobalSection(ProjectConfigurationPlatforms) = postSolution
		{7B648A75-F3E9-99E5-7CE4-62DD8B316D8E}.Debug|Any CPU.ActiveCfg = Debug|Any CPU
		{7B648A75-F3E9-99E5-7CE4-62DD8B316D8E}.Debug|Any CPU.Build.0 = Debug|Any CPU
		{7B648A75-F3E9-99E5-7CE4-62DD8B316D8E}.Release|Any CPU.ActiveCfg = Release|Any CPU
		{7B648A75-F3E9-99E5-7CE4-62DD8B316D8E}.Release|Any CPU.Build.0 = Release|Any CPU
		{9BDF66C7-3BEC-3F82-1EAA-0FB5BD1F6EE0}.Debug|Any CPU.ActiveCfg = Debug|Any CPU
		{9BDF66C7-3BEC-3F82-1EAA-0FB5BD1F6EE0}.Debug|Any CPU.Build.0 = Debug|Any CPU
		{9BDF66C7-3BEC-3F82-1EAA-0FB5BD1F6EE0}.Release|Any CPU.ActiveCfg = Release|Any CPU
		{9BDF66C7-3BEC-3F82-1EAA-0FB5BD1F6EE0}.Release|Any CPU.Build.0 = Release|Any CPU
	EndGlobalSection
	GlobalSection(SolutionProperties) = preSolution
		HideSolutionNode = FALSE
	EndGlobalSection
EndGlobal
